
Microsoft Visual Studio Solution File, Format Version 12.00
# Visual Studio Version 17
VisualStudioVersion = 17.11.35208.52
MinimumVisualStudioVersion = 10.0.40219.1
Project("{FAE04EC0-301F-11D3-BF4B-00C04F79EFBC}") = "Ejerc1", "Evaluacion\Ejerc1.csproj", "{5A2DA12F-DD8E-49B3-8793-09B904B82AB3}"
EndProject
Project("{FAE04EC0-301F-11D3-BF4B-00C04F79EFBC}") = "Ejerc2", "Ejerc2\Ejerc2.csproj", "{DC3224CD-DC83-4C9E-8CAF-B975B20DA438}"
EndProject
Global
	GlobalSection(SolutionConfigurationPlatforms) = preSolution
		Debug|Any CPU = Debug|Any CPU
		Release|Any CPU = Release|Any CPU
	EndGlobalSection
	GlobalSection(ProjectConfigurationPlatforms) = postSolution
		{5A2DA12F-DD8E-49B3-8793-09B904B82AB3}.Debug|Any CPU.ActiveCfg = Debug|Any CPU
		{5A2DA12F-DD8E-49B3-8793-09B904B82AB3}.Debug|Any CPU.Build.0 = Debug|Any CPU
		{5A2DA12F-DD8E-49B3-8793-09B904B82AB3}.Release|Any CPU.ActiveCfg = Release|Any CPU
		{5A2DA12F-DD8E-49B3-8793-09B904B82AB3}.Release|Any CPU.Build.0 = Release|Any CPU
		{DC3224CD-DC83-4C9E-8CAF-B975B20DA438}.Debug|Any CPU.ActiveCfg = Debug|Any CPU
		{DC3224CD-DC83-4C9E-8CAF-B975B20DA438}.Debug|Any CPU.Build.0 = Debug|Any CPU
		{DC3224CD-DC83-4C9E-8CAF-B975B20DA438}.Release|Any CPU.ActiveCfg = Release|Any CPU
		{DC3224CD-DC83-4C9E-8CAF-B975B20DA438}.Release|Any CPU.Build.0 = Release|Any CPU
	EndGlobalSection
	GlobalSection(SolutionProperties) = preSolution
		HideSolutionNode = FALSE
	EndGlobalSection
	GlobalSection(ExtensibilityGlobals) = postSolution
		SolutionGuid = {0AC616DF-38C2-4DE7-802B-B43775808901}
	EndGlobalSection
EndGlobal
